
Microsoft Visual Studio Solution File, Format Version 12.00
# Visual Studio Version 17
VisualStudioVersion = 17.1.32203.90
MinimumVisualStudioVersion = 10.0.40219.1
Project("{FAE04EC0-301F-11D3-BF4B-00C04F79EFBC}") = "Upwork_MVC", "Upwork_MVC\Upwork_MVC.csproj", "{5449C0D1-675F-479D-A04B-6A73E2E6E5CE}"
EndProject
Project("{FAE04EC0-301F-11D3-BF4B-00C04F79EFBC}") = "Upwork_MVC.Tests", "Upwork_MVC.Tests\Upwork_MVC.Tests.csproj", "{8A7918B9-49D5-4B56-AEB0-2D5EA4DF1398}"
EndProject
Global
	GlobalSection(SolutionConfigurationPlatforms) = preSolution
		Debug|Any CPU = Debug|Any CPU
		Release|Any CPU = Release|Any CPU
	EndGlobalSection
	GlobalSection(ProjectConfigurationPlatforms) = postSolution
		{5449C0D1-675F-479D-A04B-6A73E2E6E5CE}.Debug|Any CPU.ActiveCfg = Debug|Any CPU
		{5449C0D1-675F-479D-A04B-6A73E2E6E5CE}.Debug|Any CPU.Build.0 = Debug|Any CPU
		{5449C0D1-675F-479D-A04B-6A73E2E6E5CE}.Release|Any CPU.ActiveCfg = Release|Any CPU
		{5449C0D1-675F-479D-A04B-6A73E2E6E5CE}.Release|Any CPU.Build.0 = Release|Any CPU
		{8A7918B9-49D5-4B56-AEB0-2D5EA4DF1398}.Debug|Any CPU.ActiveCfg = Debug|Any CPU
		{8A7918B9-49D5-4B56-AEB0-2D5EA4DF1398}.Debug|Any CPU.Build.0 = Debug|Any CPU
		{8A7918B9-49D5-4B56-AEB0-2D5EA4DF1398}.Release|Any CPU.ActiveCfg = Release|Any CPU
		{8A7918B9-49D5-4B56-AEB0-2D5EA4DF1398}.Release|Any CPU.Build.0 = Release|Any CPU
	EndGlobalSection
	GlobalSection(SolutionProperties) = preSolution
		HideSolutionNode = FALSE
	EndGlobalSection
	GlobalSection(ExtensibilityGlobals) = postSolution
		SolutionGuid = {392C8970-BECF-4029-84F5-0437D8F57ECA}
	EndGlobalSection
EndGlobal
